{
  "name": "ajax",
  "version": "1.0.0",
  "lockfileVersion": 1,
  "requires": true,
  "dependencies": {
    "gridstack": {
      "version": "4.3.1",
      "resolved": "https://registry.npmjs.org/gridstack/-/gridstack-4.3.1.tgz",
      "integrity": "sha512-E4smuSe7ZZBrqPWm4THxDSYCQG4xcoQg8k0eeHjqkKiKuh3W4JFbyhA86DVarWruuZuUl2pwgO3oDhL6DFKFYw=="
    }
  }
}
